Microsoft Visual Studio Solution File, Format Version 12.00
# Visual Studio Version 17
VisualStudioVersion = 17.0.31903.59
MinimumVisualStudioVersion = 10.0.40219.1
Project("{FAE04EC0-301F-11D3-BF4B-00C04F79EFBC}") = "Sts.Web", "src\Sts.Web\Sts.Web.csproj", "{8D73EA89-2A44-4DE0-A08B-0EA682E32197}"
EndProject
Project("{FAE04EC0-301F-11D3-BF4B-00C04F79EFBC}") = "Sts.Web.Tests", "tests\Sts.Web.Tests\Sts.Web.Tests.csproj", "{CE556D1A-5B2B-4F66-A541-B7D5B1A7B8D0}"
EndProject
Global
	GlobalSection(SolutionConfigurationPlatforms) = preSolution
		Debug|Any CPU = Debug|Any CPU
		Release|Any CPU = Release|Any CPU
	EndGlobalSection
	GlobalSection(ProjectConfigurationPlatforms) = postSolution
		{8D73EA89-2A44-4DE0-A08B-0EA682E32197}.Debug|Any CPU.ActiveCfg = Debug|Any CPU
		{8D73EA89-2A44-4DE0-A08B-0EA682E32197}.Debug|Any CPU.Build.0 = Debug|Any CPU
		{8D73EA89-2A44-4DE0-A08B-0EA682E32197}.Release|Any CPU.ActiveCfg = Release|Any CPU
		{8D73EA89-2A44-4DE0-A08B-0EA682E32197}.Release|Any CPU.Build.0 = Release|Any CPU
		{CE556D1A-5B2B-4F66-A541-B7D5B1A7B8D0}.Debug|Any CPU.ActiveCfg = Debug|Any CPU
		{CE556D1A-5B2B-4F66-A541-B7D5B1A7B8D0}.Debug|Any CPU.Build.0 = Debug|Any CPU
		{CE556D1A-5B2B-4F66-A541-B7D5B1A7B8D0}.Release|Any CPU.ActiveCfg = Release|Any CPU
		{CE556D1A-5B2B-4F66-A541-B7D5B1A7B8D0}.Release|Any CPU.Build.0 = Release|Any CPU
	EndGlobalSection
	GlobalSection(SolutionProperties) = preSolution
		HideSolutionNode = FALSE
	EndGlobalSection
EndGlobal
